
Microsoft Visual Studio Solution File, Format Version 12.00
# Visual Studio 15
VisualStudioVersion = 15.0.28307.1585
MinimumVisualStudioVersion = 10.0.40219.1
Project("{8BC9CEB8-8B4A-11D0-8D11-00A0C91BC942}") = "GameBoyAdvance", "GameBoyAdvance\GameBoyAdvance.vcxproj", "{DB86D225-778F-4A89-A379-5167A4C06D2E}"
EndProject
Global
	GlobalSection(SolutionConfigurationPlatforms) = preSolution
		Debug|x64 = Debug|x64
		Debug|x86 = Debug|x86
		Release|x64 = Release|x64
		Release|x86 = Release|x86
	EndGlobalSection
	GlobalSection(ProjectConfigurationPlatforms) = postSolution
		{DB86D225-778F-4A89-A379-5167A4C06D2E}.Debug|x64.ActiveCfg = Debug|x64
		{DB86D225-778F-4A89-A379-5167A4C06D2E}.Debug|x64.Build.0 = Debug|x64
		{DB86D225-778F-4A89-A379-5167A4C06D2E}.Debug|x86.ActiveCfg = Debug|Win32
		{DB86D225-778F-4A89-A379-5167A4C06D2E}.Debug|x86.Build.0 = Debug|Win32
		{DB86D225-778F-4A89-A379-5167A4C06D2E}.Release|x64.ActiveCfg = Release|x64
		{DB86D225-778F-4A89-A379-5167A4C06D2E}.Release|x64.Build.0 = Release|x64
		{DB86D225-778F-4A89-A379-5167A4C06D2E}.Release|x86.ActiveCfg = Release|Win32
		{DB86D225-778F-4A89-A379-5167A4C06D2E}.Release|x86.Build.0 = Release|Win32
	EndGlobalSection
	GlobalSection(SolutionProperties) = preSolution
		HideSolutionNode = FALSE
	EndGlobalSection
	GlobalSection(ExtensibilityGlobals) = postSolution
		SolutionGuid = {A45B9725-0963-4E8A-A7DC-CE78120DD215}
	EndGlobalSection
EndGlobal
